
Microsoft Visual Studio Solution File, Format Version 12.00
# Visual Studio Version 17
VisualStudioVersion = 17.5.33414.496
MinimumVisualStudioVersion = 10.0.40219.1
Project("{8BC9CEB8-8B4A-11D0-8D11-00A0C91BC942}") = "SP Project", "SP Project\SP Project.vcxproj", "{EE7E489B-9BD8-43EE-B89D-8F8679A84B02}"
EndProject
Global
	GlobalSection(SolutionConfigurationPlatforms) = preSolution
		Debug|x64 = Debug|x64
		Debug|x86 = Debug|x86
		Release|x64 = Release|x64
		Release|x86 = Release|x86
	EndGlobalSection
	GlobalSection(ProjectConfigurationPlatforms) = postSolution
		{EE7E489B-9BD8-43EE-B89D-8F8679A84B02}.Debug|x64.ActiveCfg = Debug|x64
		{EE7E489B-9BD8-43EE-B89D-8F8679A84B02}.Debug|x64.Build.0 = Debug|x64
		{EE7E489B-9BD8-43EE-B89D-8F8679A84B02}.Debug|x86.ActiveCfg = Debug|Win32
		{EE7E489B-9BD8-43EE-B89D-8F8679A84B02}.Debug|x86.Build.0 = Debug|Win32
		{EE7E489B-9BD8-43EE-B89D-8F8679A84B02}.Release|x64.ActiveCfg = Release|x64
		{EE7E489B-9BD8-43EE-B89D-8F8679A84B02}.Release|x64.Build.0 = Release|x64
		{EE7E489B-9BD8-43EE-B89D-8F8679A84B02}.Release|x86.ActiveCfg = Release|Win32
		{EE7E489B-9BD8-43EE-B89D-8F8679A84B02}.Release|x86.Build.0 = Release|Win32
	EndGlobalSection
	GlobalSection(SolutionProperties) = preSolution
		HideSolutionNode = FALSE
	EndGlobalSection
	GlobalSection(ExtensibilityGlobals) = postSolution
		SolutionGuid = {E86A801D-32A4-4B89-AC39-BC8F1EB07F62}
	EndGlobalSection
EndGlobal
