<?xml version="1.0" encoding="utf-8"?>
<Project ToolsVersion="4.0" xmlns="http://schemas.microsoft.com/developer/msbuild/2003">
  <ItemGroup>
    <Filter Include="Header Files">
      <UniqueIdentifier>{93995380-89BD-4b04-88EB-625FBE52EBFB}</UniqueIdentifier>
      <Extensions>h;hh;hpp;hxx;h++;hm;inl;inc;ipp;xsd</Extensions>
    </Filter>
    <Filter Include="Resource Files">
      <UniqueIdentifier>{67DA6AB6-F800-4c08-8B7A-83BB121AAD01}</UniqueIdentifier>
      <Extensions>rc;ico;cur;bmp;dlg;rc2;rct;bin;rgs;gif;jpg;jpeg;jpe;resx;tiff;tif;png;wav;mfcribbon-ms</Extensions>
    </Filter>
    <Filter Include="Header Files\State Headers">
      <UniqueIdentifier>{93377c8c-ce5b-48cb-a70f-11df31a92013}</UniqueIdentifier>
    </Filter>
    <Filter Include="Header Files\Entity Headers">
      <UniqueIdentifier>{49ab2e42-6e53-4a5b-8f6c-a819adc843c3}</UniqueIdentifier>
    </Filter>
    <Filter Include="cpps">
      <UniqueIdentifier>{f1d5f166-d80e-48cf-929b-3203b06ea44d}</UniqueIdentifier>
    </Filter>
    <Filter Include="cpps\Source Files">
      <UniqueIdentifier>{4FC737F1-C7A5-4376-A066-2A32D752A2FF}</UniqueIdentifier>
      <Extensions>cpp;c;cc;cxx;c++;cppm;ixx;def;odl;idl;hpj;bat;asm;asmx</Extensions>
    </Filter>
    <Filter Include="cpps\States">
      <UniqueIdentifier>{fda262d5-e9d4-4c64-9d3e-bef101a9bcf4}</UniqueIdentifier>
    </Filter>
    <Filter Include="cpps\Entities">
      <UniqueIdentifier>{b5c66f81-ea30-46bb-9deb-24fa2dca342d}</UniqueIdentifier>
    </Filter>
  </ItemGroup>
  <ItemGroup>
    <ClCompile Include="Source.cpp">
      <Filter>cpps\Source Files</Filter>
    </ClCompile>
    <ClCompile Include="Game.cpp">
      <Filter>cpps\Source Files</Filter>
    </ClCompile>
    <ClCompile Include="SavesState.cpp">
      <Filter>cpps\States</Filter>
    </ClCompile>
    <ClCompile Include="MainMenuState.cpp">
      <Filter>cpps\States</Filter>
    </ClCompile>
    <ClCompile Include="GameState.cpp">
      <Filter>cpps\States</Filter>
    </ClCompile>
    <ClCompile Include="CreativeMode.cpp">
      <Filter>cpps\Source Files</Filter>
    </ClCompile>
    <ClCompile Include="Background.cpp">
      <Filter>cpps\States</Filter>
    </ClCompile>
    <ClCompile Include="MapBuilderState.cpp">
      <Filter>cpps\States</Filter>
    </ClCompile>
    <ClCompile Include="State.cpp">
      <Filter>cpps\States</Filter>
    </ClCompile>
    <ClCompile Include="SettingsState.cpp">
      <Filter>cpps\States</Filter>
    </ClCompile>
    <ClCompile Include="PauseState.cpp">
      <Filter>cpps\States</Filter>
    </ClCompile>
    <ClCompile Include="WorldMapState.cpp">
      <Filter>cpps\States</Filter>
    </ClCompile>
    <ClCompile Include="TextBox.cpp">
      <Filter>cpps\Source Files</Filter>
    </ClCompile>
    <ClCompile Include="NewSaveState.cpp">
      <Filter>cpps\States</Filter>
    </ClCompile>
    <ClCompile Include="NewMapState.cpp">
      <Filter>cpps\States</Filter>
    </ClCompile>
    <ClCompile Include="ConfirmationState.cpp">
      <Filter>cpps\States</Filter>
    </ClCompile>
    <ClCompile Include="PasswordState.cpp">
      <Filter>cpps\States</Filter>
    </ClCompile>
    <ClCompile Include="NotificationState.cpp">
      <Filter>cpps\States</Filter>
    </ClCompile>
    <ClCompile Include="DialogueState.cpp">
      <Filter>cpps\States</Filter>
    </ClCompile>
    <ClCompile Include="Enemy.cpp">
      <Filter>cpps\Entities</Filter>
    </ClCompile>
    <ClCompile Include="Player.cpp">
      <Filter>cpps\Entities</Filter>
    </ClCompile>
    <ClCompile Include="Entity.cpp">
      <Filter>cpps\Entities</Filter>
    </ClCompile>
    <ClCompile Include="Items.cpp">
      <Filter>cpps\Source Files</Filter>
    </ClCompile>
    <ClCompile Include="Animation.cpp">
      <Filter>cpps\Source Files</Filter>
    </ClCompile>
    <ClCompile Include="Passive.cpp">
      <Filter>cpps\Entities</Filter>
    </ClCompile>
  </ItemGroup>
  <ItemGroup>
    <ClInclude Include="Game.h">
      <Filter>Header Files</Filter>
    </ClInclude>
    <ClInclude Include="CreativeMode.h">
      <Filter>Header Files</Filter>
    </ClInclude>
    <ClInclude Include="Global.h">
      <Filter>Header Files</Filter>
    </ClInclude>
    <ClInclude Include="TextBox.h">
      <Filter>Header Files</Filter>
    </ClInclude>
    <ClInclude Include="Background.h">
      <Filter>Header Files\State Headers</Filter>
    </ClInclude>
    <ClInclude Include="ConfirmationState.h">
      <Filter>Header Files\State Headers</Filter>
    </ClInclude>
    <ClInclude Include="Enemy.h">
      <Filter>Header Files\Entity Headers</Filter>
    </ClInclude>
    <ClInclude Include="Entity.h">
      <Filter>Header Files\Entity Headers</Filter>
    </ClInclude>
    <ClInclude Include="GameState.h">
      <Filter>Header Files\State Headers</Filter>
    </ClInclude>
    <ClInclude Include="NewMapState.h">
      <Filter>Header Files\State Headers</Filter>
    </ClInclude>
    <ClInclude Include="NewSaveState.h">
      <Filter>Header Files\State Headers</Filter>
    </ClInclude>
    <ClInclude Include="MapBuilderState.h">
      <Filter>Header Files\State Headers</Filter>
    </ClInclude>
    <ClInclude Include="NotificationState.h">
      <Filter>Header Files\State Headers</Filter>
    </ClInclude>
    <ClInclude Include="MainMenuState.h">
      <Filter>Header Files\State Headers</Filter>
    </ClInclude>
    <ClInclude Include="PauseState.h">
      <Filter>Header Files\State Headers</Filter>
    </ClInclude>
    <ClInclude Include="PasswordState.h">
      <Filter>Header Files\State Headers</Filter>
    </ClInclude>
    <ClInclude Include="SavesState.h">
      <Filter>Header Files\State Headers</Filter>
    </ClInclude>
    <ClInclude Include="WorldMapState.h">
      <Filter>Header Files\State Headers</Filter>
    </ClInclude>
    <ClInclude Include="State.h">
      <Filter>Header Files\State Headers</Filter>
    </ClInclude>
    <ClInclude Include="Player.h">
      <Filter>Header Files\Entity Headers</Filter>
    </ClInclude>
    <ClInclude Include="Items.h">
      <Filter>Header Files\Entity Headers</Filter>
    </ClInclude>
    <ClInclude Include="Animation.h">
      <Filter>Header Files</Filter>
    </ClInclude>
    <ClInclude Include="Passive.h">
      <Filter>Header Files\Entity Headers</Filter>
    </ClInclude>
  </ItemGroup>
</Project>